
Microsoft Visual Studio Solution File, Format Version 12.00
# Visual Studio Version 17
VisualStudioVersion = 17.11.35312.102
MinimumVisualStudioVersion = 10.0.40219.1
Project("{FAE04EC0-301F-11D3-BF4B-00C04F79EFBC}") = "HomelessAnimalsShelter", "HomelessAnimalsShelter\HomelessAnimalsShelter.csproj", "{75622CE9-D1EC-40AE-BB84-FDCA8F8B323B}"
EndProject
Project("{2150E333-8FDC-42A3-9474-1A3956D46DE8}") = "Solution Items", "Solution Items", "{2E2459A5-A677-4882-8EAA-8AC81722D3A1}"
EndProject
Global
	GlobalSection(SolutionConfigurationPlatforms) = preSolution
		Debug|Any CPU = Debug|Any CPU
		Release|Any CPU = Release|Any CPU
	EndGlobalSection
	GlobalSection(ProjectConfigurationPlatforms) = postSolution
		{75622CE9-D1EC-40AE-BB84-FDCA8F8B323B}.Debug|Any CPU.ActiveCfg = Debug|Any CPU
		{75622CE9-D1EC-40AE-BB84-FDCA8F8B323B}.Debug|Any CPU.Build.0 = Debug|Any CPU
		{75622CE9-D1EC-40AE-BB84-FDCA8F8B323B}.Release|Any CPU.ActiveCfg = Release|Any CPU
		{75622CE9-D1EC-40AE-BB84-FDCA8F8B323B}.Release|Any CPU.Build.0 = Release|Any CPU
	EndGlobalSection
	GlobalSection(SolutionProperties) = preSolution
		HideSolutionNode = FALSE
	EndGlobalSection
	GlobalSection(ExtensibilityGlobals) = postSolution
		SolutionGuid = {FBBFDAEF-E219-4CB8-905F-4A8E756D884B}
	EndGlobalSection
EndGlobal
